
Microsoft Visual Studio Solution File, Format Version 12.00
# Visual Studio 15
VisualStudioVersion = 15.0.28010.2036
MinimumVisualStudioVersion = 10.0.40219.1
Project("{F184B08F-C81C-45F6-A57F-5ABD9991F28F}") = "DesignPatterns", "DesignPatterns\DesignPatterns.vbproj", "{EAB4590A-9C17-4F7E-9B09-1D1DC4232DB2}"
EndProject
Global
	GlobalSection(SolutionConfigurationPlatforms) = preSolution
		Debug|Any CPU = Debug|Any CPU
		Release|Any CPU = Release|Any CPU
	EndGlobalSection
	GlobalSection(ProjectConfigurationPlatforms) = postSolution
		{EAB4590A-9C17-4F7E-9B09-1D1DC4232DB2}.Debug|Any CPU.ActiveCfg = Debug|Any CPU
		{EAB4590A-9C17-4F7E-9B09-1D1DC4232DB2}.Debug|Any CPU.Build.0 = Debug|Any CPU
		{EAB4590A-9C17-4F7E-9B09-1D1DC4232DB2}.Release|Any CPU.ActiveCfg = Release|Any CPU
		{EAB4590A-9C17-4F7E-9B09-1D1DC4232DB2}.Release|Any CPU.Build.0 = Release|Any CPU
	EndGlobalSection
	GlobalSection(SolutionProperties) = preSolution
		HideSolutionNode = FALSE
	EndGlobalSection
	GlobalSection(ExtensibilityGlobals) = postSolution
		SolutionGuid = {6C875F62-5148-4D81-8D15-C0CCE9922AB9}
	EndGlobalSection
EndGlobal
